{
  "name": "back-end-mvp-full-stack-basico",
  "lockfileVersion": 3,
  "requires": true,
  "packages": {
    "": {
      "dependencies": {
        "nose2": "^0.0.1"
      }
    },
    "node_modules/nose2": {
      "version": "0.0.1",
      "resolved": "https://registry.npmjs.org/nose2/-/nose2-0.0.1.tgz",
      "integrity": "sha512-2I3S6+HL+AmEoz1OsD37VBn0t/UWrpQDlkr/bDusuCsvE8XlLSSVrvRJA8iTfTPXeGCvMJuwyPq3VIDYfdD0bw==",
      "license": "ISC"
    }
  }
}
